// !$*UTF8*$!
{
	archiveVersion = 1;
	classes = {
	};
	objectVersion = 77;
	objects = {

/* Begin PBXBuildFile section */
		CEC340EA2D1C85CD009FA206 /* ClaculatorManager.swift in Sources */ = {isa = PBXBuildFile; fileRef = CEC340E92D1C85CD009FA206 /* ClaculatorManager.swift */; };
		CEF79DA72D147AFA00B19DB4 /* Assets.xcassets in Resources */ = {isa = PBXBuildFile; fileRef = CEF79DA12D147AFA00B19DB4 /* Assets.xcassets */; };
		CEF79DA92D147AFA00B19DB4 /* AppDelegate.swift in Sources */ = {isa = PBXBuildFile; fileRef = CEF79DA02D147AFA00B19DB4 /* AppDelegate.swift */; };
		CEF79DAA2D147AFA00B19DB4 /* Button with drop Shadow.swift in Sources */ = {isa = PBXBuildFile; fileRef = CEF79DA22D147AFA00B19DB4 /* Button with drop Shadow.swift */; };
		CEF79DAB2D147AFA00B19DB4 /* SceneDelegate.swift in Sources */ = {isa = PBXBuildFile; fileRef = CEF79DA42D147AFA00B19DB4 /* SceneDelegate.swift */; };
		CEF79DAC2D147AFA00B19DB4 /* ViewController.swift in Sources */ = {isa = PBXBuildFile; fileRef = CEF79DA52D147AFA00B19DB4 /* ViewController.swift */; };
		CEF79DB12D147DF900B19DB4 /* extension View + UIColor.swift in Sources */ = {isa = PBXBuildFile; fileRef = CEF79DB02D147DF800B19DB4 /* extension View + UIColor.swift */; };
/* End PBXBuildFile section */

/* Begin PBXFileReference section */
		CEC340E92D1C85CD009FA206 /* ClaculatorManager.swift */ = {isa = PBXFileReference; lastKnownFileType = sourcecode.swift; path = ClaculatorManager.swift; sourceTree = "<group>"; };
		CEF79D852D14776E00B19DB4 /* Calculator App (TeachMeSkillsHomeWork).app */ = {isa = PBXFileReference; explicitFileType = wrapper.application; includeInIndex = 0; path = "Calculator App (TeachMeSkillsHomeWork).app"; sourceTree = BUILT_PRODUCTS_DIR; };
		CEF79DA02D147AFA00B19DB4 /* AppDelegate.swift */ = {isa = PBXFileReference; lastKnownFileType = sourcecode.swift; path = AppDelegate.swift; sourceTree = "<group>"; };
		CEF79DA12D147AFA00B19DB4 /* Assets.xcassets */ = {isa = PBXFileReference; lastKnownFileType = folder.assetcatalog; path = Assets.xcassets; sourceTree = "<group>"; };
		CEF79DA22D147AFA00B19DB4 /* Button with drop Shadow.swift */ = {isa = PBXFileReference; lastKnownFileType = sourcecode.swift; path = "Button with drop Shadow.swift"; sourceTree = "<group>"; };
		CEF79DA32D147AFA00B19DB4 /* Info.plist */ = {isa = PBXFileReference; lastKnownFileType = text.plist.xml; path = Info.plist; sourceTree = "<group>"; };
		CEF79DA42D147AFA00B19DB4 /* SceneDelegate.swift */ = {isa = PBXFileReference; lastKnownFileType = sourcecode.swift; path = SceneDelegate.swift; sourceTree = "<group>"; };
		CEF79DA52D147AFA00B19DB4 /* ViewController.swift */ = {isa = PBXFileReference; lastKnownFileType = sourcecode.swift; path = ViewController.swift; sourceTree = "<group>"; };
		CEF79DB02D147DF800B19DB4 /* extension View + UIColor.swift */ = {isa = PBXFileReference; lastKnownFileType = sourcecode.swift; path = "extension View + UIColor.swift"; sourceTree = "<group>"; };
/* End PBXFileReference section */

/* Begin PBXFrameworksBuildPhase section */
		CEF79D822D14776E00B19DB4 /* Frameworks */ = {
			isa = PBXFrameworksBuildPhase;
			buildActionMask = 2147483647;
			files = (
			);
			runOnlyForDeploymentPostprocessing = 0;
		};
/* End PBXFrameworksBuildPhase section */

/* Begin PBXGroup section */
		CED5A15E2D1C980000BF3581 /* Singletone */ = {
			isa = PBXGroup;
			children = (
				CEC340E92D1C85CD009FA206 /* ClaculatorManager.swift */,
			);
			path = Singletone;
			sourceTree = "<group>";
		};
		CEF79D7C2D14776E00B19DB4 = {
			isa = PBXGroup;
			children = (
				CEF79DA62D147AFA00B19DB4 /* Calculator App (TeachMeSkillsHomeWork) */,
				CEF79D862D14776E00B19DB4 /* Products */,
			);
			sourceTree = "<group>";
		};
		CEF79D862D14776E00B19DB4 /* Products */ = {
			isa = PBXGroup;
			children = (
				CEF79D852D14776E00B19DB4 /* Calculator App (TeachMeSkillsHomeWork).app */,
			);
			name = Products;
			sourceTree = "<group>";
		};
		CEF79DA62D147AFA00B19DB4 /* Calculator App (TeachMeSkillsHomeWork) */ = {
			isa = PBXGroup;
			children = (
				CED5A15E2D1C980000BF3581 /* Singletone */,
				CEF79DAE2D147B7100B19DB4 /* ViewControllers */,
				CEF79DAD2D147B0500B19DB4 /* App */,
				CEF79DA12D147AFA00B19DB4 /* Assets.xcassets */,
			);
			path = "Calculator App (TeachMeSkillsHomeWork)";
			sourceTree = "<group>";
		};
		CEF79DAD2D147B0500B19DB4 /* App */ = {
			isa = PBXGroup;
			children = (
				CEF79DA02D147AFA00B19DB4 /* AppDelegate.swift */,
				CEF79DA42D147AFA00B19DB4 /* SceneDelegate.swift */,
				CEF79DA32D147AFA00B19DB4 /* Info.plist */,
			);
			path = App;
			sourceTree = "<group>";
		};
		CEF79DAE2D147B7100B19DB4 /* ViewControllers */ = {
			isa = PBXGroup;
			children = (
				CEF79DA52D147AFA00B19DB4 /* ViewController.swift */,
				CEF79DAF2D147B8100B19DB4 /* customView */,
			);
			path = ViewControllers;
			sourceTree = "<group>";
		};
		CEF79DAF2D147B8100B19DB4 /* customView */ = {
			isa = PBXGroup;
			children = (
				CEF79DA22D147AFA00B19DB4 /* Button with drop Shadow.swift */,
				CEF79DB02D147DF800B19DB4 /* extension View + UIColor.swift */,
			);
			path = customView;
			sourceTree = "<group>";
		};
/* End PBXGroup section */

/* Begin PBXNativeTarget section */
		CEF79D842D14776E00B19DB4 /* Calculator App (TeachMeSkillsHomeWork) */ = {
			isa = PBXNativeTarget;
			buildConfigurationList = CEF79D982D14777200B19DB4 /* Build configuration list for PBXNativeTarget "Calculator App (TeachMeSkillsHomeWork)" */;
			buildPhases = (
				CEF79D812D14776E00B19DB4 /* Sources */,
				CEF79D822D14776E00B19DB4 /* Frameworks */,
				CEF79D832D14776E00B19DB4 /* Resources */,
			);
			buildRules = (
			);
			dependencies = (
			);
			name = "Calculator App (TeachMeSkillsHomeWork)";
			packageProductDependencies = (
			);
			productName = "Calculator App (TeachMeSkillsHomeWork)";
			productReference = CEF79D852D14776E00B19DB4 /* Calculator App (TeachMeSkillsHomeWork).app */;
			productType = "com.apple.product-type.application";
		};
/* End PBXNativeTarget section */

/* Begin PBXProject section */
		CEF79D7D2D14776E00B19DB4 /* Project object */ = {
			isa = PBXProject;
			attributes = {
				BuildIndependentTargetsInParallel = 1;
				LastSwiftUpdateCheck = 1610;
				LastUpgradeCheck = 1610;
				TargetAttributes = {
					CEF79D842D14776E00B19DB4 = {
						CreatedOnToolsVersion = 16.1;
					};
				};
			};
			buildConfigurationList = CEF79D802D14776E00B19DB4 /* Build configuration list for PBXProject "Calculator App (TeachMeSkillsHomeWork)" */;
			developmentRegion = en;
			hasScannedForEncodings = 0;
			knownRegions = (
				en,
				Base,
			);
			mainGroup = CEF79D7C2D14776E00B19DB4;
			minimizedProjectReferenceProxies = 1;
			preferredProjectObjectVersion = 77;
			productRefGroup = CEF79D862D14776E00B19DB4 /* Products */;
			projectDirPath = "";
			projectRoot = "";
			targets = (
				CEF79D842D14776E00B19DB4 /* Calculator App (TeachMeSkillsHomeWork) */,
			);
		};
/* End PBXProject section */

/* Begin PBXResourcesBuildPhase section */
		CEF79D832D14776E00B19DB4 /* Resources */ = {
			isa = PBXResourcesBuildPhase;
			buildActionMask = 2147483647;
			files = (
				CEF79DA72D147AFA00B19DB4 /* Assets.xcassets in Resources */,
			);
			runOnlyForDeploymentPostprocessing = 0;
		};
/* End PBXResourcesBuildPhase section */

/* Begin PBXSourcesBuildPhase section */
		CEF79D812D14776E00B19DB4 /* Sources */ = {
			isa = PBXSourcesBuildPhase;
			buildActionMask = 2147483647;
			files = (
				CEF79DA92D147AFA00B19DB4 /* AppDelegate.swift in Sources */,
				CEF79DB12D147DF900B19DB4 /* extension View + UIColor.swift in Sources */,
				CEF79DAA2D147AFA00B19DB4 /* Button with drop Shadow.swift in Sources */,
				CEF79DAB2D147AFA00B19DB4 /* SceneDelegate.swift in Sources */,
				CEF79DAC2D147AFA00B19DB4 /* ViewController.swift in Sources */,
				CEC340EA2D1C85CD009FA206 /* ClaculatorManager.swift in Sources */,
			);
			runOnlyForDeploymentPostprocessing = 0;
		};
/* End PBXSourcesBuildPhase section */

/* Begin XCBuildConfiguration section */
		CEF79D992D14777200B19DB4 /* Debug */ = {
			isa = XCBuildConfiguration;
			buildSettings = {
				ASSETCATALOG_COMPILER_APPICON_NAME = AppIcon;
				ASSETCATALOG_COMPILER_GLOBAL_ACCENT_COLOR_NAME = AccentColor;
				CODE_SIGN_STYLE = Automatic;
				CURRENT_PROJECT_VERSION = 1;
				DEVELOPMENT_TEAM = 24Q9WM75S6;
				GENERATE_INFOPLIST_FILE = YES;
				INFOPLIST_FILE = "Calculator App (TeachMeSkillsHomeWork)/App/Info.plist";
				INFOPLIST_KEY_UIApplicationSupportsIndirectInputEvents = YES;
				INFOPLIST_KEY_UILaunchStoryboardName = LaunchScreen;
				INFOPLIST_KEY_UISupportedInterfaceOrientations = UIInterfaceOrientationPortrait;
				LD_RUNPATH_SEARCH_PATHS = (
					"$(inherited)",
					"@executable_path/Frameworks",
				);
				MARKETING_VERSION = 1.0;
				PRODUCT_BUNDLE_IDENTIFIER = "halushko.Calculator-App--TeachMeSkillsHomeWork-";
				PRODUCT_NAME = "$(TARGET_NAME)";
				SUPPORTED_PLATFORMS = "iphoneos iphonesimulator";
				SUPPORTS_MACCATALYST = NO;
				SUPPORTS_MAC_DESIGNED_FOR_IPHONE_IPAD = NO;
				SUPPORTS_XR_DESIGNED_FOR_IPHONE_IPAD = NO;
				SWIFT_EMIT_LOC_STRINGS = YES;
				SWIFT_VERSION = 5.0;
				TARGETED_DEVICE_FAMILY = "1,2";
			};
			name = Debug;
		};
		CEF79D9A2D14777200B19DB4 /* Release */ = {
			isa = XCBuildConfiguration;
			buildSettings = {
				ASSETCATALOG_COMPILER_APPICON_NAME = AppIcon;
				ASSETCATALOG_COMPILER_GLOBAL_ACCENT_COLOR_NAME = AccentColor;
				CODE_SIGN_STYLE = Automatic;
				CURRENT_PROJECT_VERSION = 1;
				DEVELOPMENT_TEAM = 24Q9WM75S6;
				GENERATE_INFOPLIST_FILE = YES;
				INFOPLIST_FILE = "Calculator App (TeachMeSkillsHomeWork)/App/Info.plist";
				INFOPLIST_KEY_UIApplicationSupportsIndirectInputEvents = YES;
				INFOPLIST_KEY_UILaunchStoryboardName = LaunchScreen;
				INFOPLIST_KEY_UISupportedInterfaceOrientations = UIInterfaceOrientationPortrait;
				LD_RUNPATH_SEARCH_PATHS = (
					"$(inherited)",
					"@executable_path/Frameworks",
				);
				MARKETING_VERSION = 1.0;
				PRODUCT_BUNDLE_IDENTIFIER = "halushko.Calculator-App--TeachMeSkillsHomeWork-";
				PRODUCT_NAME = "$(TARGET_NAME)";
				SUPPORTED_PLATFORMS = "iphoneos iphonesimulator";
				SUPPORTS_MACCATALYST = NO;
				SUPPORTS_MAC_DESIGNED_FOR_IPHONE_IPAD = NO;
				SUPPORTS_XR_DESIGNED_FOR_IPHONE_IPAD = NO;
				SWIFT_EMIT_LOC_STRINGS = YES;
				SWIFT_VERSION = 5.0;
				TARGETED_DEVICE_FAMILY = "1,2";
			};
			name = Release;
		};
		CEF79D9B2D14777200B19DB4 /* Debug */ = {
			isa = XCBuildConfiguration;
			buildSettings = {
				ALWAYS_SEARCH_USER_PATHS = NO;
				ASSETCATALOG_COMPILER_GENERATE_SWIFT_ASSET_SYMBOL_EXTENSIONS = YES;
				CLANG_ANALYZER_NONNULL = YES;
				CLANG_ANALYZER_NUMBER_OBJECT_CONVERSION = YES_AGGRESSIVE;
				CLANG_CXX_LANGUAGE_STANDARD = "gnu++20";
				CLANG_ENABLE_MODULES = YES;
				CLANG_ENABLE_OBJC_ARC = YES;
				CLANG_ENABLE_OBJC_WEAK = YES;
				CLANG_WARN_BLOCK_CAPTURE_AUTORELEASING = YES;
				CLANG_WARN_BOOL_CONVERSION = YES;
				CLANG_WARN_COMMA = YES;
				CLANG_WARN_CONSTANT_CONVERSION = YES;
				CLANG_WARN_DEPRECATED_OBJC_IMPLEMENTATIONS = YES;
				CLANG_WARN_DIRECT_OBJC_ISA_USAGE = YES_ERROR;
				CLANG_WARN_DOCUMENTATION_COMMENTS = YES;
				CLANG_WARN_EMPTY_BODY = YES;
				CLANG_WARN_ENUM_CONVERSION = YES;
				CLANG_WARN_INFINITE_RECURSION = YES;
				CLANG_WARN_INT_CONVERSION = YES;
				CLANG_WARN_NON_LITERAL_NULL_CONVERSION = YES;
				CLANG_WARN_OBJC_IMPLICIT_RETAIN_SELF = YES;
				CLANG_WARN_OBJC_LITERAL_CONVERSION = YES;
				CLANG_WARN_OBJC_ROOT_CLASS = YES_ERROR;
				CLANG_WARN_QUOTED_INCLUDE_IN_FRAMEWORK_HEADER = YES;
				CLANG_WARN_RANGE_LOOP_ANALYSIS = YES;
				CLANG_WARN_STRICT_PROTOTYPES = YES;
				CLANG_WARN_SUSPICIOUS_MOVE = YES;
				CLANG_WARN_UNGUARDED_AVAILABILITY = YES_AGGRESSIVE;
				CLANG_WARN_UNREACHABLE_CODE = YES;
				CLANG_WARN__DUPLICATE_METHOD_MATCH = YES;
				COPY_PHASE_STRIP = NO;
				DEBUG_INFORMATION_FORMAT = dwarf;
				ENABLE_STRICT_OBJC_MSGSEND = YES;
				ENABLE_TESTABILITY = YES;
				ENABLE_USER_SCRIPT_SANDBOXING = YES;
				GCC_C_LANGUAGE_STANDARD = gnu17;
				GCC_DYNAMIC_NO_PIC = NO;
				GCC_NO_COMMON_BLOCKS = YES;
				GCC_OPTIMIZATION_LEVEL = 0;
				GCC_PREPROCESSOR_DEFINITIONS = (
					"DEBUG=1",
					"$(inherited)",
				);
				GCC_WARN_64_TO_32_BIT_CONVERSION = YES;
				GCC_WARN_ABOUT_RETURN_TYPE = YES_ERROR;
				GCC_WARN_UNDECLARED_SELECTOR = YES;
				GCC_WARN_UNINITIALIZED_AUTOS = YES_AGGRESSIVE;
				GCC_WARN_UNUSED_FUNCTION = YES;
				GCC_WARN_UNUSED_VARIABLE = YES;
				IPHONEOS_DEPLOYMENT_TARGET = 18.1;
				LOCALIZATION_PREFERS_STRING_CATALOGS = YES;
				MTL_ENABLE_DEBUG_INFO = INCLUDE_SOURCE;
				MTL_FAST_MATH = YES;
				ONLY_ACTIVE_ARCH = YES;
				SDKROOT = iphoneos;
				SWIFT_ACTIVE_COMPILATION_CONDITIONS = "DEBUG $(inherited)";
				SWIFT_OPTIMIZATION_LEVEL = "-Onone";
			};
			name = Debug;
		};
		CEF79D9C2D14777200B19DB4 /* Release */ = {
			isa = XCBuildConfiguration;
			buildSettings = {
				ALWAYS_SEARCH_USER_PATHS = NO;
				ASSETCATALOG_COMPILER_GENERATE_SWIFT_ASSET_SYMBOL_EXTENSIONS = YES;
				CLANG_ANALYZER_NONNULL = YES;
				CLANG_ANALYZER_NUMBER_OBJECT_CONVERSION = YES_AGGRESSIVE;
				CLANG_CXX_LANGUAGE_STANDARD = "gnu++20";
				CLANG_ENABLE_MODULES = YES;
				CLANG_ENABLE_OBJC_ARC = YES;
				CLANG_ENABLE_OBJC_WEAK = YES;
				CLANG_WARN_BLOCK_CAPTURE_AUTORELEASING = YES;
				CLANG_WARN_BOOL_CONVERSION = YES;
				CLANG_WARN_COMMA = YES;
				CLANG_WARN_CONSTANT_CONVERSION = YES;
				CLANG_WARN_DEPRECATED_OBJC_IMPLEMENTATIONS = YES;
				CLANG_WARN_DIRECT_OBJC_ISA_USAGE = YES_ERROR;
				CLANG_WARN_DOCUMENTATION_COMMENTS = YES;
				CLANG_WARN_EMPTY_BODY = YES;
				CLANG_WARN_ENUM_CONVERSION = YES;
				CLANG_WARN_INFINITE_RECURSION = YES;
				CLANG_WARN_INT_CONVERSION = YES;
				CLANG_WARN_NON_LITERAL_NULL_CONVERSION = YES;
				CLANG_WARN_OBJC_IMPLICIT_RETAIN_SELF = YES;
				CLANG_WARN_OBJC_LITERAL_CONVERSION = YES;
				CLANG_WARN_OBJC_ROOT_CLASS = YES_ERROR;
				CLANG_WARN_QUOTED_INCLUDE_IN_FRAMEWORK_HEADER = YES;
				CLANG_WARN_RANGE_LOOP_ANALYSIS = YES;
				CLANG_WARN_STRICT_PROTOTYPES = YES;
				CLANG_WARN_SUSPICIOUS_MOVE = YES;
				CLANG_WARN_UNGUARDED_AVAILABILITY = YES_AGGRESSIVE;
				CLANG_WARN_UNREACHABLE_CODE = YES;
				CLANG_WARN__DUPLICATE_METHOD_MATCH = YES;
				COPY_PHASE_STRIP = NO;
				DEBUG_INFORMATION_FORMAT = "dwarf-with-dsym";
				ENABLE_NS_ASSERTIONS = NO;
				ENABLE_STRICT_OBJC_MSGSEND = YES;
				ENABLE_USER_SCRIPT_SANDBOXING = YES;
				GCC_C_LANGUAGE_STANDARD = gnu17;
				GCC_NO_COMMON_BLOCKS = YES;
				GCC_WARN_64_TO_32_BIT_CONVERSION = YES;
				GCC_WARN_ABOUT_RETURN_TYPE = YES_ERROR;
				GCC_WARN_UNDECLARED_SELECTOR = YES;
				GCC_WARN_UNINITIALIZED_AUTOS = YES_AGGRESSIVE;
				GCC_WARN_UNUSED_FUNCTION = YES;
				GCC_WARN_UNUSED_VARIABLE = YES;
				IPHONEOS_DEPLOYMENT_TARGET = 18.1;
				LOCALIZATION_PREFERS_STRING_CATALOGS = YES;
				MTL_ENABLE_DEBUG_INFO = NO;
				MTL_FAST_MATH = YES;
				SDKROOT = iphoneos;
				SWIFT_COMPILATION_MODE = wholemodule;
				VALIDATE_PRODUCT = YES;
			};
			name = Release;
		};
/* End XCBuildConfiguration section */

/* Begin XCConfigurationList section */
		CEF79D802D14776E00B19DB4 /* Build configuration list for PBXProject "Calculator App (TeachMeSkillsHomeWork)" */ = {
			isa = XCConfigurationList;
			buildConfigurations = (
				CEF79D9B2D14777200B19DB4 /* Debug */,
				CEF79D9C2D14777200B19DB4 /* Release */,
			);
			defaultConfigurationIsVisible = 0;
			defaultConfigurationName = Release;
		};
		CEF79D982D14777200B19DB4 /* Build configuration list for PBXNativeTarget "Calculator App (TeachMeSkillsHomeWork)" */ = {
			isa = XCConfigurationList;
			buildConfigurations = (
				CEF79D992D14777200B19DB4 /* Debug */,
				CEF79D9A2D14777200B19DB4 /* Release */,
			);
			defaultConfigurationIsVisible = 0;
			defaultConfigurationName = Release;
		};
/* End XCConfigurationList section */
	};
	rootObject = CEF79D7D2D14776E00B19DB4 /* Project object */;
}
